// !$*UTF8*$!
{
	archiveVersion = 1;
	classes = {
	};
	objectVersion = 56;
	objects = {

/* Begin PBXBuildFile section */
		9C69CAFD2B5E6D3A005ACBA3 /* AppDelegate.swift in Sources */ = {isa = PBXBuildFile; fileRef = 9C69CAFC2B5E6D3A005ACBA3 /* AppDelegate.swift */; };
		9C69CAFF2B5E6D3A005ACBA3 /* SceneDelegate.swift in Sources */ = {isa = PBXBuildFile; fileRef = 9C69CAFE2B5E6D3A005ACBA3 /* SceneDelegate.swift */; };
		9C69CB062B5E6D3B005ACBA3 /* Assets.xcassets in Resources */ = {isa = PBXBuildFile; fileRef = 9C69CB052B5E6D3B005ACBA3 /* Assets.xcassets */; };
		9C69CB092B5E6D3B005ACBA3 /* LaunchScreen.storyboard in Resources */ = {isa = PBXBuildFile; fileRef = 9C69CB072B5E6D3B005ACBA3 /* LaunchScreen.storyboard */; };
		9C69CB112B5EAAA7005ACBA3 /* SearchVC.swift in Sources */ = {isa = PBXBuildFile; fileRef = 9C69CB102B5EAAA7005ACBA3 /* SearchVC.swift */; };
		9C69CB132B5EAAD2005ACBA3 /* FavouriteListVC.swift in Sources */ = {isa = PBXBuildFile; fileRef = 9C69CB122B5EAAD2005ACBA3 /* FavouriteListVC.swift */; };
		9C69CB152B5EB079005ACBA3 /* GFButton.swift in Sources */ = {isa = PBXBuildFile; fileRef = 9C69CB142B5EB079005ACBA3 /* GFButton.swift */; };
		9C69CB172B5EB441005ACBA3 /* GFTextField.swift in Sources */ = {isa = PBXBuildFile; fileRef = 9C69CB162B5EB441005ACBA3 /* GFTextField.swift */; };
		9C69CB192B5EBC31005ACBA3 /* FollowerListVC.swift in Sources */ = {isa = PBXBuildFile; fileRef = 9C69CB182B5EBC31005ACBA3 /* FollowerListVC.swift */; };
		9C69CB1B2B5EC034005ACBA3 /* GFTitleLabel.swift in Sources */ = {isa = PBXBuildFile; fileRef = 9C69CB1A2B5EC034005ACBA3 /* GFTitleLabel.swift */; };
		9C69CB1D2B5EC124005ACBA3 /* GFBodyLabel.swift in Sources */ = {isa = PBXBuildFile; fileRef = 9C69CB1C2B5EC124005ACBA3 /* GFBodyLabel.swift */; };
		9C69CB1F2B5EC1A2005ACBA3 /* GFAlertVC.swift in Sources */ = {isa = PBXBuildFile; fileRef = 9C69CB1E2B5EC1A2005ACBA3 /* GFAlertVC.swift */; };
		9C69CB212B5EC628005ACBA3 /* UIViewController+Ext.swift in Sources */ = {isa = PBXBuildFile; fileRef = 9C69CB202B5EC628005ACBA3 /* UIViewController+Ext.swift */; };
		9C69CB282B5EE404005ACBA3 /* Follower.swift in Sources */ = {isa = PBXBuildFile; fileRef = 9C69CB272B5EE404005ACBA3 /* Follower.swift */; };
		9C69CB2A2B5EE4C0005ACBA3 /* User.swift in Sources */ = {isa = PBXBuildFile; fileRef = 9C69CB292B5EE4C0005ACBA3 /* User.swift */; };
		9C69CB2D2B5FB34E005ACBA3 /* NetworkManager.swift in Sources */ = {isa = PBXBuildFile; fileRef = 9C69CB2C2B5FB34E005ACBA3 /* NetworkManager.swift */; };
		9C69CB302B5FB988005ACBA3 /* ErrorMessage.swift in Sources */ = {isa = PBXBuildFile; fileRef = 9C69CB2F2B5FB988005ACBA3 /* ErrorMessage.swift */; };
		9C69CB332B5FBDC7005ACBA3 /* FollowerCell.swift in Sources */ = {isa = PBXBuildFile; fileRef = 9C69CB322B5FBDC7005ACBA3 /* FollowerCell.swift */; };
		9C69CB352B5FBE25005ACBA3 /* GFAvatarImageView.swift in Sources */ = {isa = PBXBuildFile; fileRef = 9C69CB342B5FBE25005ACBA3 /* GFAvatarImageView.swift */; };
		9C69CB372B5FDB64005ACBA3 /* UIHelper.swift in Sources */ = {isa = PBXBuildFile; fileRef = 9C69CB362B5FDB64005ACBA3 /* UIHelper.swift */; };
		9C69CB3F2B5FF8A2005ACBA3 /* GFEmptyStateView.swift in Sources */ = {isa = PBXBuildFile; fileRef = 9C69CB3E2B5FF8A2005ACBA3 /* GFEmptyStateView.swift */; };
/* End PBXBuildFile section */

/* Begin PBXFileReference section */
		9C69CAF92B5E6D3A005ACBA3 /* GithubFollowers.app */ = {isa = PBXFileReference; explicitFileType = wrapper.application; includeInIndex = 0; path = GithubFollowers.app; sourceTree = BUILT_PRODUCTS_DIR; };
		9C69CAFC2B5E6D3A005ACBA3 /* AppDelegate.swift */ = {isa = PBXFileReference; lastKnownFileType = sourcecode.swift; path = AppDelegate.swift; sourceTree = "<group>"; };
		9C69CAFE2B5E6D3A005ACBA3 /* SceneDelegate.swift */ = {isa = PBXFileReference; lastKnownFileType = sourcecode.swift; path = SceneDelegate.swift; sourceTree = "<group>"; };
		9C69CB052B5E6D3B005ACBA3 /* Assets.xcassets */ = {isa = PBXFileReference; lastKnownFileType = folder.assetcatalog; path = Assets.xcassets; sourceTree = "<group>"; };
		9C69CB082B5E6D3B005ACBA3 /* Base */ = {isa = PBXFileReference; lastKnownFileType = file.storyboard; name = Base; path = Base.lproj/LaunchScreen.storyboard; sourceTree = "<group>"; };
		9C69CB0A2B5E6D3B005ACBA3 /* Info.plist */ = {isa = PBXFileReference; lastKnownFileType = text.plist.xml; path = Info.plist; sourceTree = "<group>"; };
		9C69CB102B5EAAA7005ACBA3 /* SearchVC.swift */ = {isa = PBXFileReference; lastKnownFileType = sourcecode.swift; path = SearchVC.swift; sourceTree = "<group>"; };
		9C69CB122B5EAAD2005ACBA3 /* FavouriteListVC.swift */ = {isa = PBXFileReference; lastKnownFileType = sourcecode.swift; path = FavouriteListVC.swift; sourceTree = "<group>"; };
		9C69CB142B5EB079005ACBA3 /* GFButton.swift */ = {isa = PBXFileReference; lastKnownFileType = sourcecode.swift; path = GFButton.swift; sourceTree = "<group>"; };
		9C69CB162B5EB441005ACBA3 /* GFTextField.swift */ = {isa = PBXFileReference; lastKnownFileType = sourcecode.swift; path = GFTextField.swift; sourceTree = "<group>"; };
		9C69CB182B5EBC31005ACBA3 /* FollowerListVC.swift */ = {isa = PBXFileReference; lastKnownFileType = sourcecode.swift; path = FollowerListVC.swift; sourceTree = "<group>"; };
		9C69CB1A2B5EC034005ACBA3 /* GFTitleLabel.swift */ = {isa = PBXFileReference; lastKnownFileType = sourcecode.swift; path = GFTitleLabel.swift; sourceTree = "<group>"; };
		9C69CB1C2B5EC124005ACBA3 /* GFBodyLabel.swift */ = {isa = PBXFileReference; lastKnownFileType = sourcecode.swift; path = GFBodyLabel.swift; sourceTree = "<group>"; };
		9C69CB1E2B5EC1A2005ACBA3 /* GFAlertVC.swift */ = {isa = PBXFileReference; lastKnownFileType = sourcecode.swift; path = GFAlertVC.swift; sourceTree = "<group>"; };
		9C69CB202B5EC628005ACBA3 /* UIViewController+Ext.swift */ = {isa = PBXFileReference; lastKnownFileType = sourcecode.swift; path = "UIViewController+Ext.swift"; sourceTree = "<group>"; };
		9C69CB272B5EE404005ACBA3 /* Follower.swift */ = {isa = PBXFileReference; lastKnownFileType = sourcecode.swift; path = Follower.swift; sourceTree = "<group>"; };
		9C69CB292B5EE4C0005ACBA3 /* User.swift */ = {isa = PBXFileReference; lastKnownFileType = sourcecode.swift; path = User.swift; sourceTree = "<group>"; };
		9C69CB2C2B5FB34E005ACBA3 /* NetworkManager.swift */ = {isa = PBXFileReference; lastKnownFileType = sourcecode.swift; path = NetworkManager.swift; sourceTree = "<group>"; };
		9C69CB2F2B5FB988005ACBA3 /* ErrorMessage.swift */ = {isa = PBXFileReference; lastKnownFileType = sourcecode.swift; path = ErrorMessage.swift; sourceTree = "<group>"; };
		9C69CB322B5FBDC7005ACBA3 /* FollowerCell.swift */ = {isa = PBXFileReference; lastKnownFileType = sourcecode.swift; path = FollowerCell.swift; sourceTree = "<group>"; };
		9C69CB342B5FBE25005ACBA3 /* GFAvatarImageView.swift */ = {isa = PBXFileReference; lastKnownFileType = sourcecode.swift; path = GFAvatarImageView.swift; sourceTree = "<group>"; };
		9C69CB362B5FDB64005ACBA3 /* UIHelper.swift */ = {isa = PBXFileReference; lastKnownFileType = sourcecode.swift; path = UIHelper.swift; sourceTree = "<group>"; };
		9C69CB3E2B5FF8A2005ACBA3 /* GFEmptyStateView.swift */ = {isa = PBXFileReference; lastKnownFileType = sourcecode.swift; path = GFEmptyStateView.swift; sourceTree = "<group>"; };
/* End PBXFileReference section */

/* Begin PBXFrameworksBuildPhase section */
		9C69CAF62B5E6D3A005ACBA3 /* Frameworks */ = {
			isa = PBXFrameworksBuildPhase;
			buildActionMask = 2147483647;
			files = (
			);
			runOnlyForDeploymentPostprocessing = 0;
		};
/* End PBXFrameworksBuildPhase section */

/* Begin PBXGroup section */
		9C69CAF02B5E6D3A005ACBA3 = {
			isa = PBXGroup;
			children = (
				9C69CAFB2B5E6D3A005ACBA3 /* GithubFollowers */,
				9C69CAFA2B5E6D3A005ACBA3 /* Products */,
			);
			sourceTree = "<group>";
		};
		9C69CAFA2B5E6D3A005ACBA3 /* Products */ = {
			isa = PBXGroup;
			children = (
				9C69CAF92B5E6D3A005ACBA3 /* GithubFollowers.app */,
			);
			name = Products;
			sourceTree = "<group>";
		};
		9C69CAFB2B5E6D3A005ACBA3 /* GithubFollowers */ = {
			isa = PBXGroup;
			children = (
				9C69CB2E2B5FB97E005ACBA3 /* Utilities */,
				9C69CB2B2B5FB33A005ACBA3 /* Managers */,
				9C69CB262B5EE3ED005ACBA3 /* Models */,
				9C69CB222B5EDC4C005ACBA3 /* Extensions */,
				9C69CB232B5EDC5B005ACBA3 /* Custom Views */,
				9C69CB242B5EDC77005ACBA3 /* Screens */,
				9C69CB252B5EDCA1005ACBA3 /* Support */,
				9C69CB0A2B5E6D3B005ACBA3 /* Info.plist */,
			);
			path = GithubFollowers;
			sourceTree = "<group>";
		};
		9C69CB222B5EDC4C005ACBA3 /* Extensions */ = {
			isa = PBXGroup;
			children = (
				9C69CB202B5EC628005ACBA3 /* UIViewController+Ext.swift */,
			);
			path = Extensions;
			sourceTree = "<group>";
		};
		9C69CB232B5EDC5B005ACBA3 /* Custom Views */ = {
			isa = PBXGroup;
			children = (
				9C69CB3D2B5FF852005ACBA3 /* TextFields */,
				9C69CB3C2B5FF840005ACBA3 /* Labels */,
				9C69CB3B2B5FF830005ACBA3 /* ViewControllers */,
				9C69CB3A2B5FF82A005ACBA3 /* ImageViews */,
				9C69CB392B5FF824005ACBA3 /* Buttons */,
				9C69CB382B5FF81D005ACBA3 /* Views */,
				9C69CB312B5FBDB0005ACBA3 /* Cells */,
			);
			path = "Custom Views";
			sourceTree = "<group>";
		};
		9C69CB242B5EDC77005ACBA3 /* Screens */ = {
			isa = PBXGroup;
			children = (
				9C69CB102B5EAAA7005ACBA3 /* SearchVC.swift */,
				9C69CB122B5EAAD2005ACBA3 /* FavouriteListVC.swift */,
				9C69CB182B5EBC31005ACBA3 /* FollowerListVC.swift */,
			);
			path = Screens;
			sourceTree = "<group>";
		};
		9C69CB252B5EDCA1005ACBA3 /* Support */ = {
			isa = PBXGroup;
			children = (
				9C69CAFC2B5E6D3A005ACBA3 /* AppDelegate.swift */,
				9C69CAFE2B5E6D3A005ACBA3 /* SceneDelegate.swift */,
				9C69CB052B5E6D3B005ACBA3 /* Assets.xcassets */,
				9C69CB072B5E6D3B005ACBA3 /* LaunchScreen.storyboard */,
			);
			path = Support;
			sourceTree = "<group>";
		};
		9C69CB262B5EE3ED005ACBA3 /* Models */ = {
			isa = PBXGroup;
			children = (
				9C69CB272B5EE404005ACBA3 /* Follower.swift */,
				9C69CB292B5EE4C0005ACBA3 /* User.swift */,
			);
			path = Models;
			sourceTree = "<group>";
		};
		9C69CB2B2B5FB33A005ACBA3 /* Managers */ = {
			isa = PBXGroup;
			children = (
				9C69CB2C2B5FB34E005ACBA3 /* NetworkManager.swift */,
			);
			path = Managers;
			sourceTree = "<group>";
		};
		9C69CB2E2B5FB97E005ACBA3 /* Utilities */ = {
			isa = PBXGroup;
			children = (
				9C69CB2F2B5FB988005ACBA3 /* ErrorMessage.swift */,
				9C69CB362B5FDB64005ACBA3 /* UIHelper.swift */,
			);
			path = Utilities;
			sourceTree = "<group>";
		};
		9C69CB312B5FBDB0005ACBA3 /* Cells */ = {
			isa = PBXGroup;
			children = (
				9C69CB322B5FBDC7005ACBA3 /* FollowerCell.swift */,
			);
			path = Cells;
			sourceTree = "<group>";
		};
		9C69CB382B5FF81D005ACBA3 /* Views */ = {
			isa = PBXGroup;
			children = (
				9C69CB3E2B5FF8A2005ACBA3 /* GFEmptyStateView.swift */,
			);
			path = Views;
			sourceTree = "<group>";
		};
		9C69CB392B5FF824005ACBA3 /* Buttons */ = {
			isa = PBXGroup;
			children = (
				9C69CB142B5EB079005ACBA3 /* GFButton.swift */,
			);
			path = Buttons;
			sourceTree = "<group>";
		};
		9C69CB3A2B5FF82A005ACBA3 /* ImageViews */ = {
			isa = PBXGroup;
			children = (
				9C69CB342B5FBE25005ACBA3 /* GFAvatarImageView.swift */,
			);
			path = ImageViews;
			sourceTree = "<group>";
		};
		9C69CB3B2B5FF830005ACBA3 /* ViewControllers */ = {
			isa = PBXGroup;
			children = (
				9C69CB1E2B5EC1A2005ACBA3 /* GFAlertVC.swift */,
			);
			path = ViewControllers;
			sourceTree = "<group>";
		};
		9C69CB3C2B5FF840005ACBA3 /* Labels */ = {
			isa = PBXGroup;
			children = (
				9C69CB1A2B5EC034005ACBA3 /* GFTitleLabel.swift */,
				9C69CB1C2B5EC124005ACBA3 /* GFBodyLabel.swift */,
			);
			path = Labels;
			sourceTree = "<group>";
		};
		9C69CB3D2B5FF852005ACBA3 /* TextFields */ = {
			isa = PBXGroup;
			children = (
				9C69CB162B5EB441005ACBA3 /* GFTextField.swift */,
			);
			path = TextFields;
			sourceTree = "<group>";
		};
/* End PBXGroup section */

/* Begin PBXNativeTarget section */
		9C69CAF82B5E6D3A005ACBA3 /* GithubFollowers */ = {
			isa = PBXNativeTarget;
			buildConfigurationList = 9C69CB0D2B5E6D3B005ACBA3 /* Build configuration list for PBXNativeTarget "GithubFollowers" */;
			buildPhases = (
				9C69CAF52B5E6D3A005ACBA3 /* Sources */,
				9C69CAF62B5E6D3A005ACBA3 /* Frameworks */,
				9C69CAF72B5E6D3A005ACBA3 /* Resources */,
			);
			buildRules = (
			);
			dependencies = (
			);
			name = GithubFollowers;
			productName = GithubFollowers;
			productReference = 9C69CAF92B5E6D3A005ACBA3 /* GithubFollowers.app */;
			productType = "com.apple.product-type.application";
		};
/* End PBXNativeTarget section */

/* Begin PBXProject section */
		9C69CAF12B5E6D3A005ACBA3 /* Project object */ = {
			isa = PBXProject;
			attributes = {
				BuildIndependentTargetsInParallel = 1;
				LastSwiftUpdateCheck = 1500;
				LastUpgradeCheck = 1500;
				TargetAttributes = {
					9C69CAF82B5E6D3A005ACBA3 = {
						CreatedOnToolsVersion = 15.0.1;
					};
				};
			};
			buildConfigurationList = 9C69CAF42B5E6D3A005ACBA3 /* Build configuration list for PBXProject "GithubFollowers" */;
			compatibilityVersion = "Xcode 14.0";
			developmentRegion = en;
			hasScannedForEncodings = 0;
			knownRegions = (
				en,
				Base,
			);
			mainGroup = 9C69CAF02B5E6D3A005ACBA3;
			productRefGroup = 9C69CAFA2B5E6D3A005ACBA3 /* Products */;
			projectDirPath = "";
			projectRoot = "";
			targets = (
				9C69CAF82B5E6D3A005ACBA3 /* GithubFollowers */,
			);
		};
/* End PBXProject section */

/* Begin PBXResourcesBuildPhase section */
		9C69CAF72B5E6D3A005ACBA3 /* Resources */ = {
			isa = PBXResourcesBuildPhase;
			buildActionMask = 2147483647;
			files = (
				9C69CB092B5E6D3B005ACBA3 /* LaunchScreen.storyboard in Resources */,
				9C69CB062B5E6D3B005ACBA3 /* Assets.xcassets in Resources */,
			);
			runOnlyForDeploymentPostprocessing = 0;
		};
/* End PBXResourcesBuildPhase section */

/* Begin PBXSourcesBuildPhase section */
		9C69CAF52B5E6D3A005ACBA3 /* Sources */ = {
			isa = PBXSourcesBuildPhase;
			buildActionMask = 2147483647;
			files = (
				9C69CB2A2B5EE4C0005ACBA3 /* User.swift in Sources */,
				9C69CB172B5EB441005ACBA3 /* GFTextField.swift in Sources */,
				9C69CB112B5EAAA7005ACBA3 /* SearchVC.swift in Sources */,
				9C69CB152B5EB079005ACBA3 /* GFButton.swift in Sources */,
				9C69CB212B5EC628005ACBA3 /* UIViewController+Ext.swift in Sources */,
				9C69CB372B5FDB64005ACBA3 /* UIHelper.swift in Sources */,
				9C69CB352B5FBE25005ACBA3 /* GFAvatarImageView.swift in Sources */,
				9C69CAFD2B5E6D3A005ACBA3 /* AppDelegate.swift in Sources */,
				9C69CB1F2B5EC1A2005ACBA3 /* GFAlertVC.swift in Sources */,
				9C69CB332B5FBDC7005ACBA3 /* FollowerCell.swift in Sources */,
				9C69CB302B5FB988005ACBA3 /* ErrorMessage.swift in Sources */,
				9C69CB1D2B5EC124005ACBA3 /* GFBodyLabel.swift in Sources */,
				9C69CB282B5EE404005ACBA3 /* Follower.swift in Sources */,
				9C69CB1B2B5EC034005ACBA3 /* GFTitleLabel.swift in Sources */,
				9C69CB3F2B5FF8A2005ACBA3 /* GFEmptyStateView.swift in Sources */,
				9C69CB2D2B5FB34E005ACBA3 /* NetworkManager.swift in Sources */,
				9C69CB192B5EBC31005ACBA3 /* FollowerListVC.swift in Sources */,
				9C69CB132B5EAAD2005ACBA3 /* FavouriteListVC.swift in Sources */,
				9C69CAFF2B5E6D3A005ACBA3 /* SceneDelegate.swift in Sources */,
			);
			runOnlyForDeploymentPostprocessing = 0;
		};
/* End PBXSourcesBuildPhase section */

/* Begin PBXVariantGroup section */
		9C69CB072B5E6D3B005ACBA3 /* LaunchScreen.storyboard */ = {
			isa = PBXVariantGroup;
			children = (
				9C69CB082B5E6D3B005ACBA3 /* Base */,
			);
			name = LaunchScreen.storyboard;
			sourceTree = "<group>";
		};
/* End PBXVariantGroup section */

/* Begin XCBuildConfiguration section */
		9C69CB0B2B5E6D3B005ACBA3 /* Debug */ = {
			isa = XCBuildConfiguration;
			buildSettings = {
				ALWAYS_SEARCH_USER_PATHS = NO;
				ASSETCATALOG_COMPILER_GENERATE_SWIFT_ASSET_SYMBOL_EXTENSIONS = YES;
				CLANG_ANALYZER_NONNULL = YES;
				CLANG_ANALYZER_NUMBER_OBJECT_CONVERSION = YES_AGGRESSIVE;
				CLANG_CXX_LANGUAGE_STANDARD = "gnu++20";
				CLANG_ENABLE_MODULES = YES;
				CLANG_ENABLE_OBJC_ARC = YES;
				CLANG_ENABLE_OBJC_WEAK = YES;
				CLANG_WARN_BLOCK_CAPTURE_AUTORELEASING = YES;
				CLANG_WARN_BOOL_CONVERSION = YES;
				CLANG_WARN_COMMA = YES;
				CLANG_WARN_CONSTANT_CONVERSION = YES;
				CLANG_WARN_DEPRECATED_OBJC_IMPLEMENTATIONS = YES;
				CLANG_WARN_DIRECT_OBJC_ISA_USAGE = YES_ERROR;
				CLANG_WARN_DOCUMENTATION_COMMENTS = YES;
				CLANG_WARN_EMPTY_BODY = YES;
				CLANG_WARN_ENUM_CONVERSION = YES;
				CLANG_WARN_INFINITE_RECURSION = YES;
				CLANG_WARN_INT_CONVERSION = YES;
				CLANG_WARN_NON_LITERAL_NULL_CONVERSION = YES;
				CLANG_WARN_OBJC_IMPLICIT_RETAIN_SELF = YES;
				CLANG_WARN_OBJC_LITERAL_CONVERSION = YES;
				CLANG_WARN_OBJC_ROOT_CLASS = YES_ERROR;
				CLANG_WARN_QUOTED_INCLUDE_IN_FRAMEWORK_HEADER = YES;
				CLANG_WARN_RANGE_LOOP_ANALYSIS = YES;
				CLANG_WARN_STRICT_PROTOTYPES = YES;
				CLANG_WARN_SUSPICIOUS_MOVE = YES;
				CLANG_WARN_UNGUARDED_AVAILABILITY = YES_AGGRESSIVE;
				CLANG_WARN_UNREACHABLE_CODE = YES;
				CLANG_WARN__DUPLICATE_METHOD_MATCH = YES;
				COPY_PHASE_STRIP = NO;
				DEBUG_INFORMATION_FORMAT = dwarf;
				ENABLE_STRICT_OBJC_MSGSEND = YES;
				ENABLE_TESTABILITY = YES;
				ENABLE_USER_SCRIPT_SANDBOXING = YES;
				GCC_C_LANGUAGE_STANDARD = gnu17;
				GCC_DYNAMIC_NO_PIC = NO;
				GCC_NO_COMMON_BLOCKS = YES;
				GCC_OPTIMIZATION_LEVEL = 0;
				GCC_PREPROCESSOR_DEFINITIONS = (
					"DEBUG=1",
					"$(inherited)",
				);
				GCC_WARN_64_TO_32_BIT_CONVERSION = YES;
				GCC_WARN_ABOUT_RETURN_TYPE = YES_ERROR;
				GCC_WARN_UNDECLARED_SELECTOR = YES;
				GCC_WARN_UNINITIALIZED_AUTOS = YES_AGGRESSIVE;
				GCC_WARN_UNUSED_FUNCTION = YES;
				GCC_WARN_UNUSED_VARIABLE = YES;
				IPHONEOS_DEPLOYMENT_TARGET = 17.0;
				LOCALIZATION_PREFERS_STRING_CATALOGS = YES;
				MTL_ENABLE_DEBUG_INFO = INCLUDE_SOURCE;
				MTL_FAST_MATH = YES;
				ONLY_ACTIVE_ARCH = YES;
				SDKROOT = iphoneos;
				SWIFT_ACTIVE_COMPILATION_CONDITIONS = "DEBUG $(inherited)";
				SWIFT_OPTIMIZATION_LEVEL = "-Onone";
			};
			name = Debug;
		};
		9C69CB0C2B5E6D3B005ACBA3 /* Release */ = {
			isa = XCBuildConfiguration;
			buildSettings = {
				ALWAYS_SEARCH_USER_PATHS = NO;
				ASSETCATALOG_COMPILER_GENERATE_SWIFT_ASSET_SYMBOL_EXTENSIONS = YES;
				CLANG_ANALYZER_NONNULL = YES;
				CLANG_ANALYZER_NUMBER_OBJECT_CONVERSION = YES_AGGRESSIVE;
				CLANG_CXX_LANGUAGE_STANDARD = "gnu++20";
				CLANG_ENABLE_MODULES = YES;
				CLANG_ENABLE_OBJC_ARC = YES;
				CLANG_ENABLE_OBJC_WEAK = YES;
				CLANG_WARN_BLOCK_CAPTURE_AUTORELEASING = YES;
				CLANG_WARN_BOOL_CONVERSION = YES;
				CLANG_WARN_COMMA = YES;
				CLANG_WARN_CONSTANT_CONVERSION = YES;
				CLANG_WARN_DEPRECATED_OBJC_IMPLEMENTATIONS = YES;
				CLANG_WARN_DIRECT_OBJC_ISA_USAGE = YES_ERROR;
				CLANG_WARN_DOCUMENTATION_COMMENTS = YES;
				CLANG_WARN_EMPTY_BODY = YES;
				CLANG_WARN_ENUM_CONVERSION = YES;
				CLANG_WARN_INFINITE_RECURSION = YES;
				CLANG_WARN_INT_CONVERSION = YES;
				CLANG_WARN_NON_LITERAL_NULL_CONVERSION = YES;
				CLANG_WARN_OBJC_IMPLICIT_RETAIN_SELF = YES;
				CLANG_WARN_OBJC_LITERAL_CONVERSION = YES;
				CLANG_WARN_OBJC_ROOT_CLASS = YES_ERROR;
				CLANG_WARN_QUOTED_INCLUDE_IN_FRAMEWORK_HEADER = YES;
				CLANG_WARN_RANGE_LOOP_ANALYSIS = YES;
				CLANG_WARN_STRICT_PROTOTYPES = YES;
				CLANG_WARN_SUSPICIOUS_MOVE = YES;
				CLANG_WARN_UNGUARDED_AVAILABILITY = YES_AGGRESSIVE;
				CLANG_WARN_UNREACHABLE_CODE = YES;
				CLANG_WARN__DUPLICATE_METHOD_MATCH = YES;
				COPY_PHASE_STRIP = NO;
				DEBUG_INFORMATION_FORMAT = "dwarf-with-dsym";
				ENABLE_NS_ASSERTIONS = NO;
				ENABLE_STRICT_OBJC_MSGSEND = YES;
				ENABLE_USER_SCRIPT_SANDBOXING = YES;
				GCC_C_LANGUAGE_STANDARD = gnu17;
				GCC_NO_COMMON_BLOCKS = YES;
				GCC_WARN_64_TO_32_BIT_CONVERSION = YES;
				GCC_WARN_ABOUT_RETURN_TYPE = YES_ERROR;
				GCC_WARN_UNDECLARED_SELECTOR = YES;
				GCC_WARN_UNINITIALIZED_AUTOS = YES_AGGRESSIVE;
				GCC_WARN_UNUSED_FUNCTION = YES;
				GCC_WARN_UNUSED_VARIABLE = YES;
				IPHONEOS_DEPLOYMENT_TARGET = 17.0;
				LOCALIZATION_PREFERS_STRING_CATALOGS = YES;
				MTL_ENABLE_DEBUG_INFO = NO;
				MTL_FAST_MATH = YES;
				SDKROOT = iphoneos;
				SWIFT_COMPILATION_MODE = wholemodule;
				VALIDATE_PRODUCT = YES;
			};
			name = Release;
		};
		9C69CB0E2B5E6D3B005ACBA3 /* Debug */ = {
			isa = XCBuildConfiguration;
			buildSettings = {
				ASSETCATALOG_COMPILER_APPICON_NAME = AppIcon;
				ASSETCATALOG_COMPILER_GLOBAL_ACCENT_COLOR_NAME = AccentColor;
				CODE_SIGN_STYLE = Automatic;
				CURRENT_PROJECT_VERSION = 1;
				DEVELOPMENT_TEAM = K26K9S55YG;
				GENERATE_INFOPLIST_FILE = YES;
				INFOPLIST_FILE = GithubFollowers/Info.plist;
				INFOPLIST_KEY_UIApplicationSupportsIndirectInputEvents = YES;
				INFOPLIST_KEY_UILaunchStoryboardName = LaunchScreen;
				INFOPLIST_KEY_UISupportedInterfaceOrientations = UIInterfaceOrientationPortrait;
				INFOPLIST_KEY_UISupportedInterfaceOrientations_iPad = "UIInterfaceOrientationLandscapeLeft UIInterfaceOrientationLandscapeRight UIInterfaceOrientationPortrait UIInterfaceOrientationPortraitUpsideDown";
				LD_RUNPATH_SEARCH_PATHS = (
					"$(inherited)",
					"@executable_path/Frameworks",
				);
				MARKETING_VERSION = 1.0;
				PRODUCT_BUNDLE_IDENTIFIER = com.sebastiangon11.GithubFollowers;
				PRODUCT_NAME = "$(TARGET_NAME)";
				SUPPORTED_PLATFORMS = "iphoneos iphonesimulator";
				SUPPORTS_MACCATALYST = NO;
				SUPPORTS_MAC_DESIGNED_FOR_IPHONE_IPAD = NO;
				SWIFT_EMIT_LOC_STRINGS = YES;
				SWIFT_VERSION = 5.0;
				TARGETED_DEVICE_FAMILY = 1;
			};
			name = Debug;
		};
		9C69CB0F2B5E6D3B005ACBA3 /* Release */ = {
			isa = XCBuildConfiguration;
			buildSettings = {
				ASSETCATALOG_COMPILER_APPICON_NAME = AppIcon;
				ASSETCATALOG_COMPILER_GLOBAL_ACCENT_COLOR_NAME = AccentColor;
				CODE_SIGN_STYLE = Automatic;
				CURRENT_PROJECT_VERSION = 1;
				DEVELOPMENT_TEAM = K26K9S55YG;
				GENERATE_INFOPLIST_FILE = YES;
				INFOPLIST_FILE = GithubFollowers/Info.plist;
				INFOPLIST_KEY_UIApplicationSupportsIndirectInputEvents = YES;
				INFOPLIST_KEY_UILaunchStoryboardName = LaunchScreen;
				INFOPLIST_KEY_UISupportedInterfaceOrientations = UIInterfaceOrientationPortrait;
				INFOPLIST_KEY_UISupportedInterfaceOrientations_iPad = "UIInterfaceOrientationLandscapeLeft UIInterfaceOrientationLandscapeRight UIInterfaceOrientationPortrait UIInterfaceOrientationPortraitUpsideDown";
				LD_RUNPATH_SEARCH_PATHS = (
					"$(inherited)",
					"@executable_path/Frameworks",
				);
				MARKETING_VERSION = 1.0;
				PRODUCT_BUNDLE_IDENTIFIER = com.sebastiangon11.GithubFollowers;
				PRODUCT_NAME = "$(TARGET_NAME)";
				SUPPORTED_PLATFORMS = "iphoneos iphonesimulator";
				SUPPORTS_MACCATALYST = NO;
				SUPPORTS_MAC_DESIGNED_FOR_IPHONE_IPAD = NO;
				SWIFT_EMIT_LOC_STRINGS = YES;
				SWIFT_VERSION = 5.0;
				TARGETED_DEVICE_FAMILY = 1;
			};
			name = Release;
		};
/* End XCBuildConfiguration section */

/* Begin XCConfigurationList section */
		9C69CAF42B5E6D3A005ACBA3 /* Build configuration list for PBXProject "GithubFollowers" */ = {
			isa = XCConfigurationList;
			buildConfigurations = (
				9C69CB0B2B5E6D3B005ACBA3 /* Debug */,
				9C69CB0C2B5E6D3B005ACBA3 /* Release */,
			);
			defaultConfigurationIsVisible = 0;
			defaultConfigurationName = Release;
		};
		9C69CB0D2B5E6D3B005ACBA3 /* Build configuration list for PBXNativeTarget "GithubFollowers" */ = {
			isa = XCConfigurationList;
			buildConfigurations = (
				9C69CB0E2B5E6D3B005ACBA3 /* Debug */,
				9C69CB0F2B5E6D3B005ACBA3 /* Release */,
			);
			defaultConfigurationIsVisible = 0;
			defaultConfigurationName = Release;
		};
/* End XCConfigurationList section */
	};
	rootObject = 9C69CAF12B5E6D3A005ACBA3 /* Project object */;
}
